
Microsoft Visual Studio Solution File, Format Version 12.00
# Visual Studio Version 16
VisualStudioVersion = 16.0.31205.134
MinimumVisualStudioVersion = 10.0.40219.1
Project("{FAE04EC0-301F-11D3-BF4B-00C04F79EFBC}") = "Bim Inventory Monitor Plugin", "Bim Inventory Monitor Plugin\Bim Inventory Monitor Plugin.csproj", "{AB6D14A0-08D3-42A2-A206-95A4D70A9F14}"
EndProject
Global
	GlobalSection(SolutionConfigurationPlatforms) = preSolution
		Debug|Any CPU = Debug|Any CPU
		Release|Any CPU = Release|Any CPU
	EndGlobalSection
	GlobalSection(ProjectConfigurationPlatforms) = postSolution
		{AB6D14A0-08D3-42A2-A206-95A4D70A9F14}.Debug|Any CPU.ActiveCfg = Debug|Any CPU
		{AB6D14A0-08D3-42A2-A206-95A4D70A9F14}.Debug|Any CPU.Build.0 = Debug|Any CPU
		{AB6D14A0-08D3-42A2-A206-95A4D70A9F14}.Release|Any CPU.ActiveCfg = Release|Any CPU
		{AB6D14A0-08D3-42A2-A206-95A4D70A9F14}.Release|Any CPU.Build.0 = Release|Any CPU
	EndGlobalSection
	GlobalSection(SolutionProperties) = preSolution
		HideSolutionNode = FALSE
	EndGlobalSection
	GlobalSection(ExtensibilityGlobals) = postSolution
		SolutionGuid = {11BB0B4B-9D15-4525-9C13-3467F0128D2D}
	EndGlobalSection
EndGlobal
